// !$*UTF8*$!
{
	archiveVersion = 1;
	classes = {
	};
	objectVersion = 46;
	objects = {

/* Begin PBXBuildFile section */
		4F2C96591AA5C8EE00AB2EF8 /* NetworkController.m in Sources */ = {isa = PBXBuildFile; fileRef = 4F2C96581AA5C8EE00AB2EF8 /* NetworkController.m */; };
		7167C59E19500AFB00FD8F55 /* Foundation.framework in Frameworks */ = {isa = PBXBuildFile; fileRef = 7167C59D19500AFB00FD8F55 /* Foundation.framework */; };
		7167C5A019500AFB00FD8F55 /* CoreGraphics.framework in Frameworks */ = {isa = PBXBuildFile; fileRef = 7167C59F19500AFB00FD8F55 /* CoreGraphics.framework */; };
		7167C5A219500AFB00FD8F55 /* UIKit.framework in Frameworks */ = {isa = PBXBuildFile; fileRef = 7167C5A119500AFB00FD8F55 /* UIKit.framework */; };
		7167C5A819500AFB00FD8F55 /* InfoPlist.strings in Resources */ = {isa = PBXBuildFile; fileRef = 7167C5A619500AFB00FD8F55 /* InfoPlist.strings */; };
		7167C5AA19500AFB00FD8F55 /* main.m in Sources */ = {isa = PBXBuildFile; fileRef = 7167C5A919500AFB00FD8F55 /* main.m */; };
		7167C5AE19500AFB00FD8F55 /* ETAppDelegate.m in Sources */ = {isa = PBXBuildFile; fileRef = 7167C5AD19500AFB00FD8F55 /* ETAppDelegate.m */; };
		7167C5B119500AFB00FD8F55 /* Main.storyboard in Resources */ = {isa = PBXBuildFile; fileRef = 7167C5AF19500AFB00FD8F55 /* Main.storyboard */; };
		7167C5B419500AFB00FD8F55 /* ETViewController.m in Sources */ = {isa = PBXBuildFile; fileRef = 7167C5B319500AFB00FD8F55 /* ETViewController.m */; };
		7167C5B619500AFB00FD8F55 /* Images.xcassets in Resources */ = {isa = PBXBuildFile; fileRef = 7167C5B519500AFB00FD8F55 /* Images.xcassets */; };
		7167C5BD19500AFB00FD8F55 /* XCTest.framework in Frameworks */ = {isa = PBXBuildFile; fileRef = 7167C5BC19500AFB00FD8F55 /* XCTest.framework */; };
		7167C5BE19500AFB00FD8F55 /* Foundation.framework in Frameworks */ = {isa = PBXBuildFile; fileRef = 7167C59D19500AFB00FD8F55 /* Foundation.framework */; };
		7167C5BF19500AFB00FD8F55 /* UIKit.framework in Frameworks */ = {isa = PBXBuildFile; fileRef = 7167C5A119500AFB00FD8F55 /* UIKit.framework */; };
		7167C5C719500AFB00FD8F55 /* InfoPlist.strings in Resources */ = {isa = PBXBuildFile; fileRef = 7167C5C519500AFB00FD8F55 /* InfoPlist.strings */; };
		7167C5C919500AFB00FD8F55 /* ExactTimeTests.m in Sources */ = {isa = PBXBuildFile; fileRef = 7167C5C819500AFB00FD8F55 /* ExactTimeTests.m */; };
		7167C5E619500C7C00FD8F55 /* AFHTTPRequestOperation.m in Sources */ = {isa = PBXBuildFile; fileRef = 7167C5D419500C7C00FD8F55 /* AFHTTPRequestOperation.m */; };
		7167C5E719500C7C00FD8F55 /* AFHTTPRequestOperationManager.m in Sources */ = {isa = PBXBuildFile; fileRef = 7167C5D619500C7C00FD8F55 /* AFHTTPRequestOperationManager.m */; };
		7167C5E819500C7C00FD8F55 /* AFHTTPSessionManager.m in Sources */ = {isa = PBXBuildFile; fileRef = 7167C5D819500C7C00FD8F55 /* AFHTTPSessionManager.m */; };
		7167C5E919500C7C00FD8F55 /* AFNetworkReachabilityManager.m in Sources */ = {isa = PBXBuildFile; fileRef = 7167C5DB19500C7C00FD8F55 /* AFNetworkReachabilityManager.m */; };
		7167C5EA19500C7C00FD8F55 /* AFSecurityPolicy.m in Sources */ = {isa = PBXBuildFile; fileRef = 7167C5DD19500C7C00FD8F55 /* AFSecurityPolicy.m */; };
		7167C5EB19500C7C00FD8F55 /* AFURLConnectionOperation.m in Sources */ = {isa = PBXBuildFile; fileRef = 7167C5DF19500C7C00FD8F55 /* AFURLConnectionOperation.m */; };
		7167C5EC19500C7C00FD8F55 /* AFURLRequestSerialization.m in Sources */ = {isa = PBXBuildFile; fileRef = 7167C5E119500C7C00FD8F55 /* AFURLRequestSerialization.m */; };
		7167C5ED19500C7C00FD8F55 /* AFURLResponseSerialization.m in Sources */ = {isa = PBXBuildFile; fileRef = 7167C5E319500C7C00FD8F55 /* AFURLResponseSerialization.m */; };
		7167C5EE19500C7C00FD8F55 /* AFURLSessionManager.m in Sources */ = {isa = PBXBuildFile; fileRef = 7167C5E519500C7C00FD8F55 /* AFURLSessionManager.m */; };
/* End PBXBuildFile section */

/* Begin PBXContainerItemProxy section */
		7167C5C019500AFB00FD8F55 /* PBXContainerItemProxy */ = {
			isa = PBXContainerItemProxy;
			containerPortal = 7167C59219500AFB00FD8F55 /* Project object */;
			proxyType = 1;
			remoteGlobalIDString = 7167C59919500AFB00FD8F55;
			remoteInfo = ExactTime;
		};
/* End PBXContainerItemProxy section */

/* Begin PBXFileReference section */
		4F2C96571AA5C8EE00AB2EF8 /* NetworkController.h */ = {isa = PBXFileReference; fileEncoding = 4; lastKnownFileType = sourcecode.c.h; path = NetworkController.h; sourceTree = "<group>"; };
		4F2C96581AA5C8EE00AB2EF8 /* NetworkController.m */ = {isa = PBXFileReference; fileEncoding = 4; lastKnownFileType = sourcecode.c.objc; path = NetworkController.m; sourceTree = "<group>"; };
		7167C59A19500AFB00FD8F55 /* ExactTime.app */ = {isa = PBXFileReference; explicitFileType = wrapper.application; includeInIndex = 0; path = ExactTime.app; sourceTree = BUILT_PRODUCTS_DIR; };
		7167C59D19500AFB00FD8F55 /* Foundation.framework */ = {isa = PBXFileReference; lastKnownFileType = wrapper.framework; name = Foundation.framework; path = System/Library/Frameworks/Foundation.framework; sourceTree = SDKROOT; };
		7167C59F19500AFB00FD8F55 /* CoreGraphics.framework */ = {isa = PBXFileReference; lastKnownFileType = wrapper.framework; name = CoreGraphics.framework; path = System/Library/Frameworks/CoreGraphics.framework; sourceTree = SDKROOT; };
		7167C5A119500AFB00FD8F55 /* UIKit.framework */ = {isa = PBXFileReference; lastKnownFileType = wrapper.framework; name = UIKit.framework; path = System/Library/Frameworks/UIKit.framework; sourceTree = SDKROOT; };
		7167C5A519500AFB00FD8F55 /* ExactTime-Info.plist */ = {isa = PBXFileReference; lastKnownFileType = text.plist.xml; path = "ExactTime-Info.plist"; sourceTree = "<group>"; };
		7167C5A719500AFB00FD8F55 /* en */ = {isa = PBXFileReference; lastKnownFileType = text.plist.strings; name = en; path = en.lproj/InfoPlist.strings; sourceTree = "<group>"; };
		7167C5A919500AFB00FD8F55 /* main.m */ = {isa = PBXFileReference; lastKnownFileType = sourcecode.c.objc; path = main.m; sourceTree = "<group>"; };
		7167C5AB19500AFB00FD8F55 /* ExactTime-Prefix.pch */ = {isa = PBXFileReference; lastKnownFileType = sourcecode.c.h; path = "ExactTime-Prefix.pch"; sourceTree = "<group>"; };
		7167C5AC19500AFB00FD8F55 /* ETAppDelegate.h */ = {isa = PBXFileReference; lastKnownFileType = sourcecode.c.h; path = ETAppDelegate.h; sourceTree = "<group>"; };
		7167C5AD19500AFB00FD8F55 /* ETAppDelegate.m */ = {isa = PBXFileReference; lastKnownFileType = sourcecode.c.objc; path = ETAppDelegate.m; sourceTree = "<group>"; };
		7167C5B019500AFB00FD8F55 /* Base */ = {isa = PBXFileReference; lastKnownFileType = file.storyboard; name = Base; path = Base.lproj/Main.storyboard; sourceTree = "<group>"; };
		7167C5B219500AFB00FD8F55 /* ETViewController.h */ = {isa = PBXFileReference; lastKnownFileType = sourcecode.c.h; path = ETViewController.h; sourceTree = "<group>"; };
		7167C5B319500AFB00FD8F55 /* ETViewController.m */ = {isa = PBXFileReference; lastKnownFileType = sourcecode.c.objc; path = ETViewController.m; sourceTree = "<group>"; };
		7167C5B519500AFB00FD8F55 /* Images.xcassets */ = {isa = PBXFileReference; lastKnownFileType = folder.assetcatalog; path = Images.xcassets; sourceTree = "<group>"; };
		7167C5BB19500AFB00FD8F55 /* ExactTimeTests.xctest */ = {isa = PBXFileReference; explicitFileType = wrapper.cfbundle; includeInIndex = 0; path = ExactTimeTests.xctest; sourceTree = BUILT_PRODUCTS_DIR; };
		7167C5BC19500AFB00FD8F55 /* XCTest.framework */ = {isa = PBXFileReference; lastKnownFileType = wrapper.framework; name = XCTest.framework; path = Library/Frameworks/XCTest.framework; sourceTree = DEVELOPER_DIR; };
		7167C5C419500AFB00FD8F55 /* ExactTimeTests-Info.plist */ = {isa = PBXFileReference; lastKnownFileType = text.plist.xml; path = "ExactTimeTests-Info.plist"; sourceTree = "<group>"; };
		7167C5C619500AFB00FD8F55 /* en */ = {isa = PBXFileReference; lastKnownFileType = text.plist.strings; name = en; path = en.lproj/InfoPlist.strings; sourceTree = "<group>"; };
		7167C5C819500AFB00FD8F55 /* ExactTimeTests.m */ = {isa = PBXFileReference; lastKnownFileType = sourcecode.c.objc; path = ExactTimeTests.m; sourceTree = "<group>"; };
		7167C5D319500C7C00FD8F55 /* AFHTTPRequestOperation.h */ = {isa = PBXFileReference; fileEncoding = 4; lastKnownFileType = sourcecode.c.h; path = AFHTTPRequestOperation.h; sourceTree = "<group>"; };
		7167C5D419500C7C00FD8F55 /* AFHTTPRequestOperation.m */ = {isa = PBXFileReference; fileEncoding = 4; lastKnownFileType = sourcecode.c.objc; path = AFHTTPRequestOperation.m; sourceTree = "<group>"; };
		7167C5D519500C7C00FD8F55 /* AFHTTPRequestOperationManager.h */ = {isa = PBXFileReference; fileEncoding = 4; lastKnownFileType = sourcecode.c.h; path = AFHTTPRequestOperationManager.h; sourceTree = "<group>"; };
		7167C5D619500C7C00FD8F55 /* AFHTTPRequestOperationManager.m */ = {isa = PBXFileReference; fileEncoding = 4; lastKnownFileType = sourcecode.c.objc; path = AFHTTPRequestOperationManager.m; sourceTree = "<group>"; };
		7167C5D719500C7C00FD8F55 /* AFHTTPSessionManager.h */ = {isa = PBXFileReference; fileEncoding = 4; lastKnownFileType = sourcecode.c.h; path = AFHTTPSessionManager.h; sourceTree = "<group>"; };
		7167C5D819500C7C00FD8F55 /* AFHTTPSessionManager.m */ = {isa = PBXFileReference; fileEncoding = 4; lastKnownFileType = sourcecode.c.objc; path = AFHTTPSessionManager.m; sourceTree = "<group>"; };
		7167C5D919500C7C00FD8F55 /* AFNetworking.h */ = {isa = PBXFileReference; fileEncoding = 4; lastKnownFileType = sourcecode.c.h; path = AFNetworking.h; sourceTree = "<group>"; };
		7167C5DA19500C7C00FD8F55 /* AFNetworkReachabilityManager.h */ = {isa = PBXFileReference; fileEncoding = 4; lastKnownFileType = sourcecode.c.h; path = AFNetworkReachabilityManager.h; sourceTree = "<group>"; };
		7167C5DB19500C7C00FD8F55 /* AFNetworkReachabilityManager.m */ = {isa = PBXFileReference; fileEncoding = 4; lastKnownFileType = sourcecode.c.objc; path = AFNetworkReachabilityManager.m; sourceTree = "<group>"; };
		7167C5DC19500C7C00FD8F55 /* AFSecurityPolicy.h */ = {isa = PBXFileReference; fileEncoding = 4; lastKnownFileType = sourcecode.c.h; path = AFSecurityPolicy.h; sourceTree = "<group>"; };
		7167C5DD19500C7C00FD8F55 /* AFSecurityPolicy.m */ = {isa = PBXFileReference; fileEncoding = 4; lastKnownFileType = sourcecode.c.objc; path = AFSecurityPolicy.m; sourceTree = "<group>"; };
		7167C5DE19500C7C00FD8F55 /* AFURLConnectionOperation.h */ = {isa = PBXFileReference; fileEncoding = 4; lastKnownFileType = sourcecode.c.h; path = AFURLConnectionOperation.h; sourceTree = "<group>"; };
		7167C5DF19500C7C00FD8F55 /* AFURLConnectionOperation.m */ = {isa = PBXFileReference; fileEncoding = 4; lastKnownFileType = sourcecode.c.objc; path = AFURLConnectionOperation.m; sourceTree = "<group>"; };
		7167C5E019500C7C00FD8F55 /* AFURLRequestSerialization.h */ = {isa = PBXFileReference; fileEncoding = 4; lastKnownFileType = sourcecode.c.h; path = AFURLRequestSerialization.h; sourceTree = "<group>"; };
		7167C5E119500C7C00FD8F55 /* AFURLRequestSerialization.m */ = {isa = PBXFileReference; fileEncoding = 4; lastKnownFileType = sourcecode.c.objc; path = AFURLRequestSerialization.m; sourceTree = "<group>"; };
		7167C5E219500C7C00FD8F55 /* AFURLResponseSerialization.h */ = {isa = PBXFileReference; fileEncoding = 4; lastKnownFileType = sourcecode.c.h; path = AFURLResponseSerialization.h; sourceTree = "<group>"; };
		7167C5E319500C7C00FD8F55 /* AFURLResponseSerialization.m */ = {isa = PBXFileReference; fileEncoding = 4; lastKnownFileType = sourcecode.c.objc; path = AFURLResponseSerialization.m; sourceTree = "<group>"; };
		7167C5E419500C7C00FD8F55 /* AFURLSessionManager.h */ = {isa = PBXFileReference; fileEncoding = 4; lastKnownFileType = sourcecode.c.h; path = AFURLSessionManager.h; sourceTree = "<group>"; };
		7167C5E519500C7C00FD8F55 /* AFURLSessionManager.m */ = {isa = PBXFileReference; fileEncoding = 4; lastKnownFileType = sourcecode.c.objc; path = AFURLSessionManager.m; sourceTree = "<group>"; };
/* End PBXFileReference section */

/* Begin PBXFrameworksBuildPhase section */
		7167C59719500AFB00FD8F55 /* Frameworks */ = {
			isa = PBXFrameworksBuildPhase;
			buildActionMask = 2147483647;
			files = (
				7167C5A019500AFB00FD8F55 /* CoreGraphics.framework in Frameworks */,
				7167C5A219500AFB00FD8F55 /* UIKit.framework in Frameworks */,
				7167C59E19500AFB00FD8F55 /* Foundation.framework in Frameworks */,
			);
			runOnlyForDeploymentPostprocessing = 0;
		};
		7167C5B819500AFB00FD8F55 /* Frameworks */ = {
			isa = PBXFrameworksBuildPhase;
			buildActionMask = 2147483647;
			files = (
				7167C5BD19500AFB00FD8F55 /* XCTest.framework in Frameworks */,
				7167C5BF19500AFB00FD8F55 /* UIKit.framework in Frameworks */,
				7167C5BE19500AFB00FD8F55 /* Foundation.framework in Frameworks */,
			);
			runOnlyForDeploymentPostprocessing = 0;
		};
/* End PBXFrameworksBuildPhase section */

/* Begin PBXGroup section */
		7167C59119500AFB00FD8F55 = {
			isa = PBXGroup;
			children = (
				7167C5A319500AFB00FD8F55 /* ExactTime */,
				7167C5C219500AFB00FD8F55 /* ExactTimeTests */,
				7167C59C19500AFB00FD8F55 /* Frameworks */,
				7167C59B19500AFB00FD8F55 /* Products */,
			);
			sourceTree = "<group>";
		};
		7167C59B19500AFB00FD8F55 /* Products */ = {
			isa = PBXGroup;
			children = (
				7167C59A19500AFB00FD8F55 /* ExactTime.app */,
				7167C5BB19500AFB00FD8F55 /* ExactTimeTests.xctest */,
			);
			name = Products;
			sourceTree = "<group>";
		};
		7167C59C19500AFB00FD8F55 /* Frameworks */ = {
			isa = PBXGroup;
			children = (
				7167C5D219500C7C00FD8F55 /* AFNetworking */,
				7167C59D19500AFB00FD8F55 /* Foundation.framework */,
				7167C59F19500AFB00FD8F55 /* CoreGraphics.framework */,
				7167C5A119500AFB00FD8F55 /* UIKit.framework */,
				7167C5BC19500AFB00FD8F55 /* XCTest.framework */,
			);
			name = Frameworks;
			sourceTree = "<group>";
		};
		7167C5A319500AFB00FD8F55 /* ExactTime */ = {
			isa = PBXGroup;
			children = (
				7167C5AC19500AFB00FD8F55 /* ETAppDelegate.h */,
				7167C5AD19500AFB00FD8F55 /* ETAppDelegate.m */,
				7167C5AF19500AFB00FD8F55 /* Main.storyboard */,
				7167C5B219500AFB00FD8F55 /* ETViewController.h */,
				7167C5B319500AFB00FD8F55 /* ETViewController.m */,
				4F2C96571AA5C8EE00AB2EF8 /* NetworkController.h */,
				4F2C96581AA5C8EE00AB2EF8 /* NetworkController.m */,
				7167C5B519500AFB00FD8F55 /* Images.xcassets */,
				7167C5A419500AFB00FD8F55 /* Supporting Files */,
			);
			path = ExactTime;
			sourceTree = "<group>";
		};
		7167C5A419500AFB00FD8F55 /* Supporting Files */ = {
			isa = PBXGroup;
			children = (
				7167C5A519500AFB00FD8F55 /* ExactTime-Info.plist */,
				7167C5A619500AFB00FD8F55 /* InfoPlist.strings */,
				7167C5A919500AFB00FD8F55 /* main.m */,
				7167C5AB19500AFB00FD8F55 /* ExactTime-Prefix.pch */,
			);
			name = "Supporting Files";
			sourceTree = "<group>";
		};
		7167C5C219500AFB00FD8F55 /* ExactTimeTests */ = {
			isa = PBXGroup;
			children = (
				7167C5C819500AFB00FD8F55 /* ExactTimeTests.m */,
				7167C5C319500AFB00FD8F55 /* Supporting Files */,
			);
			path = ExactTimeTests;
			sourceTree = "<group>";
		};
		7167C5C319500AFB00FD8F55 /* Supporting Files */ = {
			isa = PBXGroup;
			children = (
				7167C5C419500AFB00FD8F55 /* ExactTimeTests-Info.plist */,
				7167C5C519500AFB00FD8F55 /* InfoPlist.strings */,
			);
			name = "Supporting Files";
			sourceTree = "<group>";
		};
		7167C5D219500C7C00FD8F55 /* AFNetworking */ = {
			isa = PBXGroup;
			children = (
				7167C5D319500C7C00FD8F55 /* AFHTTPRequestOperation.h */,
				7167C5D419500C7C00FD8F55 /* AFHTTPRequestOperation.m */,
				7167C5D519500C7C00FD8F55 /* AFHTTPRequestOperationManager.h */,
				7167C5D619500C7C00FD8F55 /* AFHTTPRequestOperationManager.m */,
				7167C5D719500C7C00FD8F55 /* AFHTTPSessionManager.h */,
				7167C5D819500C7C00FD8F55 /* AFHTTPSessionManager.m */,
				7167C5D919500C7C00FD8F55 /* AFNetworking.h */,
				7167C5DA19500C7C00FD8F55 /* AFNetworkReachabilityManager.h */,
				7167C5DB19500C7C00FD8F55 /* AFNetworkReachabilityManager.m */,
				7167C5DC19500C7C00FD8F55 /* AFSecurityPolicy.h */,
				7167C5DD19500C7C00FD8F55 /* AFSecurityPolicy.m */,
				7167C5DE19500C7C00FD8F55 /* AFURLConnectionOperation.h */,
				7167C5DF19500C7C00FD8F55 /* AFURLConnectionOperation.m */,
				7167C5E019500C7C00FD8F55 /* AFURLRequestSerialization.h */,
				7167C5E119500C7C00FD8F55 /* AFURLRequestSerialization.m */,
				7167C5E219500C7C00FD8F55 /* AFURLResponseSerialization.h */,
				7167C5E319500C7C00FD8F55 /* AFURLResponseSerialization.m */,
				7167C5E419500C7C00FD8F55 /* AFURLSessionManager.h */,
				7167C5E519500C7C00FD8F55 /* AFURLSessionManager.m */,
			);
			name = AFNetworking;
			path = External/AFNetworking/AFNetworking;
			sourceTree = "<group>";
		};
/* End PBXGroup section */

/* Begin PBXNativeTarget section */
		7167C59919500AFB00FD8F55 /* ExactTime */ = {
			isa = PBXNativeTarget;
			buildConfigurationList = 7167C5CC19500AFB00FD8F55 /* Build configuration list for PBXNativeTarget "ExactTime" */;
			buildPhases = (
				7167C59619500AFB00FD8F55 /* Sources */,
				7167C59719500AFB00FD8F55 /* Frameworks */,
				7167C59819500AFB00FD8F55 /* Resources */,
			);
			buildRules = (
			);
			dependencies = (
			);
			name = ExactTime;
			productName = ExactTime;
			productReference = 7167C59A19500AFB00FD8F55 /* ExactTime.app */;
			productType = "com.apple.product-type.application";
		};
		7167C5BA19500AFB00FD8F55 /* ExactTimeTests */ = {
			isa = PBXNativeTarget;
			buildConfigurationList = 7167C5CF19500AFB00FD8F55 /* Build configuration list for PBXNativeTarget "ExactTimeTests" */;
			buildPhases = (
				7167C5B719500AFB00FD8F55 /* Sources */,
				7167C5B819500AFB00FD8F55 /* Frameworks */,
				7167C5B919500AFB00FD8F55 /* Resources */,
			);
			buildRules = (
			);
			dependencies = (
				7167C5C119500AFB00FD8F55 /* PBXTargetDependency */,
			);
			name = ExactTimeTests;
			productName = ExactTimeTests;
			productReference = 7167C5BB19500AFB00FD8F55 /* ExactTimeTests.xctest */;
			productType = "com.apple.product-type.bundle.unit-test";
		};
/* End PBXNativeTarget section */

/* Begin PBXProject section */
		7167C59219500AFB00FD8F55 /* Project object */ = {
			isa = PBXProject;
			attributes = {
				CLASSPREFIX = ET;
				LastUpgradeCheck = 0510;
				ORGANIZATIONNAME = DevMountain;
				TargetAttributes = {
					7167C5BA19500AFB00FD8F55 = {
						TestTargetID = 7167C59919500AFB00FD8F55;
					};
				};
			};
			buildConfigurationList = 7167C59519500AFB00FD8F55 /* Build configuration list for PBXProject "ExactTime" */;
			compatibilityVersion = "Xcode 3.2";
			developmentRegion = English;
			hasScannedForEncodings = 0;
			knownRegions = (
				en,
				Base,
			);
			mainGroup = 7167C59119500AFB00FD8F55;
			productRefGroup = 7167C59B19500AFB00FD8F55 /* Products */;
			projectDirPath = "";
			projectRoot = "";
			targets = (
				7167C59919500AFB00FD8F55 /* ExactTime */,
				7167C5BA19500AFB00FD8F55 /* ExactTimeTests */,
			);
		};
/* End PBXProject section */

/* Begin PBXResourcesBuildPhase section */
		7167C59819500AFB00FD8F55 /* Resources */ = {
			isa = PBXResourcesBuildPhase;
			buildActionMask = 2147483647;
			files = (
				7167C5B619500AFB00FD8F55 /* Images.xcassets in Resources */,
				7167C5A819500AFB00FD8F55 /* InfoPlist.strings in Resources */,
				7167C5B119500AFB00FD8F55 /* Main.storyboard in Resources */,
			);
			runOnlyForDeploymentPostprocessing = 0;
		};
		7167C5B919500AFB00FD8F55 /* Resources */ = {
			isa = PBXResourcesBuildPhase;
			buildActionMask = 2147483647;
			files = (
				7167C5C719500AFB00FD8F55 /* InfoPlist.strings in Resources */,
			);
			runOnlyForDeploymentPostprocessing = 0;
		};
/* End PBXResourcesBuildPhase section */

/* Begin PBXSourcesBuildPhase section */
		7167C59619500AFB00FD8F55 /* Sources */ = {
			isa = PBXSourcesBuildPhase;
			buildActionMask = 2147483647;
			files = (
				7167C5E619500C7C00FD8F55 /* AFHTTPRequestOperation.m in Sources */,
				7167C5B419500AFB00FD8F55 /* ETViewController.m in Sources */,
				7167C5E719500C7C00FD8F55 /* AFHTTPRequestOperationManager.m in Sources */,
				7167C5E919500C7C00FD8F55 /* AFNetworkReachabilityManager.m in Sources */,
				7167C5ED19500C7C00FD8F55 /* AFURLResponseSerialization.m in Sources */,
				7167C5EB19500C7C00FD8F55 /* AFURLConnectionOperation.m in Sources */,
				7167C5EA19500C7C00FD8F55 /* AFSecurityPolicy.m in Sources */,
				7167C5E819500C7C00FD8F55 /* AFHTTPSessionManager.m in Sources */,
				7167C5EC19500C7C00FD8F55 /* AFURLRequestSerialization.m in Sources */,
				7167C5EE19500C7C00FD8F55 /* AFURLSessionManager.m in Sources */,
				7167C5AA19500AFB00FD8F55 /* main.m in Sources */,
				4F2C96591AA5C8EE00AB2EF8 /* NetworkController.m in Sources */,
				7167C5AE19500AFB00FD8F55 /* ETAppDelegate.m in Sources */,
			);
			runOnlyForDeploymentPostprocessing = 0;
		};
		7167C5B719500AFB00FD8F55 /* Sources */ = {
			isa = PBXSourcesBuildPhase;
			buildActionMask = 2147483647;
			files = (
				7167C5C919500AFB00FD8F55 /* ExactTimeTests.m in Sources */,
			);
			runOnlyForDeploymentPostprocessing = 0;
		};
/* End PBXSourcesBuildPhase section */

/* Begin PBXTargetDependency section */
		7167C5C119500AFB00FD8F55 /* PBXTargetDependency */ = {
			isa = PBXTargetDependency;
			target = 7167C59919500AFB00FD8F55 /* ExactTime */;
			targetProxy = 7167C5C019500AFB00FD8F55 /* PBXContainerItemProxy */;
		};
/* End PBXTargetDependency section */

/* Begin PBXVariantGroup section */
		7167C5A619500AFB00FD8F55 /* InfoPlist.strings */ = {
			isa = PBXVariantGroup;
			children = (
				7167C5A719500AFB00FD8F55 /* en */,
			);
			name = InfoPlist.strings;
			sourceTree = "<group>";
		};
		7167C5AF19500AFB00FD8F55 /* Main.storyboard */ = {
			isa = PBXVariantGroup;
			children = (
				7167C5B019500AFB00FD8F55 /* Base */,
			);
			name = Main.storyboard;
			sourceTree = "<group>";
		};
		7167C5C519500AFB00FD8F55 /* InfoPlist.strings */ = {
			isa = PBXVariantGroup;
			children = (
				7167C5C619500AFB00FD8F55 /* en */,
			);
			name = InfoPlist.strings;
			sourceTree = "<group>";
		};
/* End PBXVariantGroup section */

/* Begin XCBuildConfiguration section */
		7167C5CA19500AFB00FD8F55 /* Debug */ = {
			isa = XCBuildConfiguration;
			buildSettings = {
				ALWAYS_SEARCH_USER_PATHS = NO;
				CLANG_CXX_LANGUAGE_STANDARD = "gnu++0x";
				CLANG_CXX_LIBRARY = "libc++";
				CLANG_ENABLE_MODULES = YES;
				CLANG_ENABLE_OBJC_ARC = YES;
				CLANG_WARN_BOOL_CONVERSION = YES;
				CLANG_WARN_CONSTANT_CONVERSION = YES;
				CLANG_WARN_DIRECT_OBJC_ISA_USAGE = YES_ERROR;
				CLANG_WARN_EMPTY_BODY = YES;
				CLANG_WARN_ENUM_CONVERSION = YES;
				CLANG_WARN_INT_CONVERSION = YES;
				CLANG_WARN_OBJC_ROOT_CLASS = YES_ERROR;
				CLANG_WARN__DUPLICATE_METHOD_MATCH = YES;
				"CODE_SIGN_IDENTITY[sdk=iphoneos*]" = "iPhone Developer";
				COPY_PHASE_STRIP = NO;
				GCC_C_LANGUAGE_STANDARD = gnu99;
				GCC_DYNAMIC_NO_PIC = NO;
				GCC_OPTIMIZATION_LEVEL = 0;
				GCC_PREPROCESSOR_DEFINITIONS = (
					"DEBUG=1",
					"$(inherited)",
				);
				GCC_SYMBOLS_PRIVATE_EXTERN = NO;
				GCC_WARN_64_TO_32_BIT_CONVERSION = YES;
				GCC_WARN_ABOUT_RETURN_TYPE = YES_ERROR;
				GCC_WARN_UNDECLARED_SELECTOR = YES;
				GCC_WARN_UNINITIALIZED_AUTOS = YES_AGGRESSIVE;
				GCC_WARN_UNUSED_FUNCTION = YES;
				GCC_WARN_UNUSED_VARIABLE = YES;
				IPHONEOS_DEPLOYMENT_TARGET = 7.1;
				ONLY_ACTIVE_ARCH = YES;
				SDKROOT = iphoneos;
			};
			name = Debug;
		};
		7167C5CB19500AFB00FD8F55 /* Release */ = {
			isa = XCBuildConfiguration;
			buildSettings = {
				ALWAYS_SEARCH_USER_PATHS = NO;
				CLANG_CXX_LANGUAGE_STANDARD = "gnu++0x";
				CLANG_CXX_LIBRARY = "libc++";
				CLANG_ENABLE_MODULES = YES;
				CLANG_ENABLE_OBJC_ARC = YES;
				CLANG_WARN_BOOL_CONVERSION = YES;
				CLANG_WARN_CONSTANT_CONVERSION = YES;
				CLANG_WARN_DIRECT_OBJC_ISA_USAGE = YES_ERROR;
				CLANG_WARN_EMPTY_BODY = YES;
				CLANG_WARN_ENUM_CONVERSION = YES;
				CLANG_WARN_INT_CONVERSION = YES;
				CLANG_WARN_OBJC_ROOT_CLASS = YES_ERROR;
				CLANG_WARN__DUPLICATE_METHOD_MATCH = YES;
				"CODE_SIGN_IDENTITY[sdk=iphoneos*]" = "iPhone Developer";
				COPY_PHASE_STRIP = YES;
				ENABLE_NS_ASSERTIONS = NO;
				GCC_C_LANGUAGE_STANDARD = gnu99;
				GCC_WARN_64_TO_32_BIT_CONVERSION = YES;
				GCC_WARN_ABOUT_RETURN_TYPE = YES_ERROR;
				GCC_WARN_UNDECLARED_SELECTOR = YES;
				GCC_WARN_UNINITIALIZED_AUTOS = YES_AGGRESSIVE;
				GCC_WARN_UNUSED_FUNCTION = YES;
				GCC_WARN_UNUSED_VARIABLE = YES;
				IPHONEOS_DEPLOYMENT_TARGET = 7.1;
				SDKROOT = iphoneos;
				VALIDATE_PRODUCT = YES;
			};
			name = Release;
		};
		7167C5CD19500AFB00FD8F55 /* Debug */ = {
			isa = XCBuildConfiguration;
			buildSettings = {
				ASSETCATALOG_COMPILER_APPICON_NAME = AppIcon;
				ASSETCATALOG_COMPILER_LAUNCHIMAGE_NAME = LaunchImage;
				GCC_PRECOMPILE_PREFIX_HEADER = YES;
				GCC_PREFIX_HEADER = "ExactTime/ExactTime-Prefix.pch";
				INFOPLIST_FILE = "ExactTime/ExactTime-Info.plist";
				PRODUCT_NAME = "$(TARGET_NAME)";
				WRAPPER_EXTENSION = app;
			};
			name = Debug;
		};
		7167C5CE19500AFB00FD8F55 /* Release */ = {
			isa = XCBuildConfiguration;
			buildSettings = {
				ASSETCATALOG_COMPILER_APPICON_NAME = AppIcon;
				ASSETCATALOG_COMPILER_LAUNCHIMAGE_NAME = LaunchImage;
				GCC_PRECOMPILE_PREFIX_HEADER = YES;
				GCC_PREFIX_HEADER = "ExactTime/ExactTime-Prefix.pch";
				INFOPLIST_FILE = "ExactTime/ExactTime-Info.plist";
				PRODUCT_NAME = "$(TARGET_NAME)";
				WRAPPER_EXTENSION = app;
			};
			name = Release;
		};
		7167C5D019500AFB00FD8F55 /* Debug */ = {
			isa = XCBuildConfiguration;
			buildSettings = {
				BUNDLE_LOADER = "$(BUILT_PRODUCTS_DIR)/ExactTime.app/ExactTime";
				FRAMEWORK_SEARCH_PATHS = (
					"$(SDKROOT)/Developer/Library/Frameworks",
					"$(inherited)",
					"$(DEVELOPER_FRAMEWORKS_DIR)",
				);
				GCC_PRECOMPILE_PREFIX_HEADER = YES;
				GCC_PREFIX_HEADER = "ExactTime/ExactTime-Prefix.pch";
				GCC_PREPROCESSOR_DEFINITIONS = (
					"DEBUG=1",
					"$(inherited)",
				);
				INFOPLIST_FILE = "ExactTimeTests/ExactTimeTests-Info.plist";
				PRODUCT_NAME = "$(TARGET_NAME)";
				TEST_HOST = "$(BUNDLE_LOADER)";
				WRAPPER_EXTENSION = xctest;
			};
			name = Debug;
		};
		7167C5D119500AFB00FD8F55 /* Release */ = {
			isa = XCBuildConfiguration;
			buildSettings = {
				BUNDLE_LOADER = "$(BUILT_PRODUCTS_DIR)/ExactTime.app/ExactTime";
				FRAMEWORK_SEARCH_PATHS = (
					"$(SDKROOT)/Developer/Library/Frameworks",
					"$(inherited)",
					"$(DEVELOPER_FRAMEWORKS_DIR)",
				);
				GCC_PRECOMPILE_PREFIX_HEADER = YES;
				GCC_PREFIX_HEADER = "ExactTime/ExactTime-Prefix.pch";
				INFOPLIST_FILE = "ExactTimeTests/ExactTimeTests-Info.plist";
				PRODUCT_NAME = "$(TARGET_NAME)";
				TEST_HOST = "$(BUNDLE_LOADER)";
				WRAPPER_EXTENSION = xctest;
			};
			name = Release;
		};
/* End XCBuildConfiguration section */

/* Begin XCConfigurationList section */
		7167C59519500AFB00FD8F55 /* Build configuration list for PBXProject "ExactTime" */ = {
			isa = XCConfigurationList;
			buildConfigurations = (
				7167C5CA19500AFB00FD8F55 /* Debug */,
				7167C5CB19500AFB00FD8F55 /* Release */,
			);
			defaultConfigurationIsVisible = 0;
			defaultConfigurationName = Release;
		};
		7167C5CC19500AFB00FD8F55 /* Build configuration list for PBXNativeTarget "ExactTime" */ = {
			isa = XCConfigurationList;
			buildConfigurations = (
				7167C5CD19500AFB00FD8F55 /* Debug */,
				7167C5CE19500AFB00FD8F55 /* Release */,
			);
			defaultConfigurationIsVisible = 0;
			defaultConfigurationName = Release;
		};
		7167C5CF19500AFB00FD8F55 /* Build configuration list for PBXNativeTarget "ExactTimeTests" */ = {
			isa = XCConfigurationList;
			buildConfigurations = (
				7167C5D019500AFB00FD8F55 /* Debug */,
				7167C5D119500AFB00FD8F55 /* Release */,
			);
			defaultConfigurationIsVisible = 0;
			defaultConfigurationName = Release;
		};
/* End XCConfigurationList section */
	};
	rootObject = 7167C59219500AFB00FD8F55 /* Project object */;
}
